
Microsoft Visual Studio Solution File, Format Version 12.00
# Visual Studio Version 17
VisualStudioVersion = 17.14.36429.23
MinimumVisualStudioVersion = 10.0.40219.1
Project("{8BC9CEB8-8B4A-11D0-8D11-00A0C91BC942}") = "CS210_Project1", "CS210_Project1\CS210_Project1.vcxproj", "{BF32926E-FF1B-43B2-ADEE-161D93AA72E5}"
EndProject
Global
	GlobalSection(SolutionConfigurationPlatforms) = preSolution
		Debug|ARM64 = Debug|ARM64
		Debug|x64 = Debug|x64
		Debug|x86 = Debug|x86
		Release|ARM64 = Release|ARM64
		Release|x64 = Release|x64
		Release|x86 = Release|x86
	EndGlobalSection
	GlobalSection(ProjectConfigurationPlatforms) = postSolution
		{BF32926E-FF1B-43B2-ADEE-161D93AA72E5}.Debug|ARM64.ActiveCfg = Debug|ARM64
		{BF32926E-FF1B-43B2-ADEE-161D93AA72E5}.Debug|ARM64.Build.0 = Debug|ARM64
		{BF32926E-FF1B-43B2-ADEE-161D93AA72E5}.Debug|x64.ActiveCfg = Debug|x64
		{BF32926E-FF1B-43B2-ADEE-161D93AA72E5}.Debug|x64.Build.0 = Debug|x64
		{BF32926E-FF1B-43B2-ADEE-161D93AA72E5}.Debug|x86.ActiveCfg = Debug|Win32
		{BF32926E-FF1B-43B2-ADEE-161D93AA72E5}.Debug|x86.Build.0 = Debug|Win32
		{BF32926E-FF1B-43B2-ADEE-161D93AA72E5}.Release|ARM64.ActiveCfg = Release|ARM64
		{BF32926E-FF1B-43B2-ADEE-161D93AA72E5}.Release|ARM64.Build.0 = Release|ARM64
		{BF32926E-FF1B-43B2-ADEE-161D93AA72E5}.Release|x64.ActiveCfg = Release|x64
		{BF32926E-FF1B-43B2-ADEE-161D93AA72E5}.Release|x64.Build.0 = Release|x64
		{BF32926E-FF1B-43B2-ADEE-161D93AA72E5}.Release|x86.ActiveCfg = Release|Win32
		{BF32926E-FF1B-43B2-ADEE-161D93AA72E5}.Release|x86.Build.0 = Release|Win32
	EndGlobalSection
	GlobalSection(SolutionProperties) = preSolution
		HideSolutionNode = FALSE
	EndGlobalSection
	GlobalSection(ExtensibilityGlobals) = postSolution
		SolutionGuid = {AD3D6C43-C4A0-42AC-AF35-A483881026E9}
	EndGlobalSection
EndGlobal
